
Microsoft Visual Studio Solution File, Format Version 12.00
# Visual Studio Version 16
VisualStudioVersion = 16.0.31702.278
MinimumVisualStudioVersion = 10.0.40219.1
Project("{FAE04EC0-301F-11D3-BF4B-00C04F79EFBC}") = "ApiNewHorizon", "ApiNewHorizon\ApiNewHorizon.csproj", "{045AB408-8410-423F-91FD-FD277A942F2B}"
EndProject
Global
	GlobalSection(SolutionConfigurationPlatforms) = preSolution
		Debug|Any CPU = Debug|Any CPU
		Release|Any CPU = Release|Any CPU
	EndGlobalSection
	GlobalSection(ProjectConfigurationPlatforms) = postSolution
		{045AB408-8410-423F-91FD-FD277A942F2B}.Debug|Any CPU.ActiveCfg = Debug|Any CPU
		{045AB408-8410-423F-91FD-FD277A942F2B}.Debug|Any CPU.Build.0 = Debug|Any CPU
		{045AB408-8410-423F-91FD-FD277A942F2B}.Release|Any CPU.ActiveCfg = Release|Any CPU
		{045AB408-8410-423F-91FD-FD277A942F2B}.Release|Any CPU.Build.0 = Release|Any CPU
	EndGlobalSection
	GlobalSection(SolutionProperties) = preSolution
		HideSolutionNode = FALSE
	EndGlobalSection
	GlobalSection(ExtensibilityGlobals) = postSolution
		SolutionGuid = {B7EFDE97-9AC3-4E00-BBE4-B9EF26651D09}
	EndGlobalSection
EndGlobal
